{
  "version": 4,
  "terraform_version": "1.4.6",
  "serial": 121,
  "lineage": "6f4327d3-6c67-1c56-6ae9-0cf8db0bb6ee",
  "outputs": {
    "private_node_ipv4_addresses": {
      "value": [
        "10.0.0.3",
        "10.0.0.4",
        "10.0.0.5"
      ],
      "type": [
        "tuple",
        [
          "string",
          "string",
          "string"
        ]
      ]
    },
    "public_lb_ipv4_address": {
      "value": "167.235.218.3",
      "type": "string"
    },
    "public_lb_ipv6_address": {
      "value": "2a01:4f8:c011:d41::1",
      "type": "string"
    },
    "public_node_ipv4_addresses": {
      "value": [],
      "type": [
        "tuple",
        []
      ]
    },
    "public_node_ipv6_addresses": {
      "value": [
        "2a01:4f8:c012:f367::1",
        "2a01:4f8:c17:192b::1",
        "2a01:4f8:c010:803b::1"
      ],
      "type": [
        "tuple",
        [
          "string",
          "string",
          "string"
        ]
      ]
    }
  },
  "resources": [
    {
      "mode": "managed",
      "type": "hcloud_load_balancer",
      "name": "load_balancer",
      "provider": "provider[\"registry.terraform.io/hetznercloud/hcloud\"]",
      "instances": [
        {
          "schema_version": 0,
          "attributes": {
            "algorithm": [
              {
                "type": "round_robin"
              }
            ],
            "delete_protection": false,
            "id": "1304195",
            "ipv4": "167.235.218.3",
            "ipv6": "2a01:4f8:c011:d41::1",
            "labels": {},
            "load_balancer_type": "lb11",
            "location": "fsn1",
            "name": "muffin",
            "network_id": 2999877,
            "network_ip": "10.0.0.2",
            "network_zone": "eu-central",
            "target": [
              {
                "server_id": 33649536,
                "type": "server",
                "use_private_ip": false
              },
              {
                "server_id": 33649537,
                "type": "server",
                "use_private_ip": false
              }
            ]
          },
          "sensitive_attributes": [],
          "private": "bnVsbA=="
        }
      ]
    },
    {
      "mode": "managed",
      "type": "hcloud_load_balancer_network",
      "name": "load_balancer_network",
      "provider": "provider[\"registry.terraform.io/hetznercloud/hcloud\"]",
      "instances": [
        {
          "schema_version": 0,
          "attributes": {
            "enable_public_interface": true,
            "id": "1304195-2999877",
            "ip": "10.0.0.2",
            "load_balancer_id": 1304195,
            "network_id": 2999877,
            "subnet_id": null
          },
          "sensitive_attributes": [],
          "private": "bnVsbA==",
          "dependencies": [
            "hcloud_load_balancer.load_balancer",
            "hcloud_network.network",
            "hcloud_network_subnet.subnet"
          ]
        }
      ]
    },
    {
      "mode": "managed",
      "type": "hcloud_load_balancer_service",
      "name": "load_balancer_service",
      "provider": "provider[\"registry.terraform.io/hetznercloud/hcloud\"]",
      "instances": [
        {
          "schema_version": 0,
          "attributes": {
            "destination_port": 80,
            "health_check": [
              {
                "http": [
                  {
                    "domain": "",
                    "path": "/",
                    "response": "",
                    "status_codes": [
                      "2??",
                      "3??"
                    ],
                    "tls": false
                  }
                ],
                "interval": 15,
                "port": 80,
                "protocol": "http",
                "retries": 3,
                "timeout": 10
              }
            ],
            "http": [
              {
                "certificates": [],
                "cookie_lifetime": 300,
                "cookie_name": "HCLBSTICKY",
                "redirect_http": false,
                "sticky_sessions": false
              }
            ],
            "id": "1304195__80",
            "listen_port": 80,
            "load_balancer_id": "1304195",
            "protocol": "http",
            "proxyprotocol": false
          },
          "sensitive_attributes": [],
          "private": "bnVsbA==",
          "dependencies": [
            "hcloud_load_balancer.load_balancer"
          ]
        }
      ]
    },
    {
      "mode": "managed",
      "type": "hcloud_load_balancer_target",
      "name": "load_balancer_target",
      "provider": "provider[\"registry.terraform.io/hetznercloud/hcloud\"]",
      "instances": [
        {
          "index_key": 0,
          "schema_version": 0,
          "attributes": {
            "id": "lb-srv-tgt-33649537-1304195",
            "ip": null,
            "label_selector": null,
            "load_balancer_id": 1304195,
            "server_id": 33649537,
            "type": "server",
            "use_private_ip": true
          },
          "sensitive_attributes": [],
          "private": "bnVsbA==",
          "dependencies": [
            "hcloud_load_balancer.load_balancer",
            "hcloud_network.network",
            "hcloud_network_subnet.subnet",
            "hcloud_server.node",
            "hcloud_ssh_key.key"
          ]
        },
        {
          "index_key": 1,
          "schema_version": 0,
          "attributes": {
            "id": "lb-srv-tgt-33649536-1304195",
            "ip": null,
            "label_selector": null,
            "load_balancer_id": 1304195,
            "server_id": 33649536,
            "type": "server",
            "use_private_ip": true
          },
          "sensitive_attributes": [],
          "private": "bnVsbA==",
          "dependencies": [
            "hcloud_load_balancer.load_balancer",
            "hcloud_network.network",
            "hcloud_network_subnet.subnet",
            "hcloud_server.node",
            "hcloud_ssh_key.key"
          ]
        },
        {
          "index_key": 2,
          "schema_version": 0,
          "attributes": {
            "id": "lb-srv-tgt-33649676-1304195",
            "ip": null,
            "label_selector": null,
            "load_balancer_id": 1304195,
            "server_id": 33649676,
            "type": "server",
            "use_private_ip": true
          },
          "sensitive_attributes": [],
          "private": "bnVsbA==",
          "dependencies": [
            "hcloud_load_balancer.load_balancer",
            "hcloud_network_subnet.subnet",
            "hcloud_server.node",
            "hcloud_ssh_key.key"
          ]
        }
      ]
    },
    {
      "mode": "managed",
      "type": "hcloud_network",
      "name": "network",
      "provider": "provider[\"registry.terraform.io/hetznercloud/hcloud\"]",
      "instances": [
        {
          "schema_version": 0,
          "attributes": {
            "delete_protection": false,
            "id": "2999877",
            "ip_range": "10.0.0.0/16",
            "labels": {},
            "name": "muffin"
          },
          "sensitive_attributes": [],
          "private": "bnVsbA=="
        }
      ]
    },
    {
      "mode": "managed",
      "type": "hcloud_network_subnet",
      "name": "subnet",
      "provider": "provider[\"registry.terraform.io/hetznercloud/hcloud\"]",
      "instances": [
        {
          "schema_version": 0,
          "attributes": {
            "gateway": "10.0.0.1",
            "id": "2999877-10.0.0.0/24",
            "ip_range": "10.0.0.0/24",
            "network_id": 2999877,
            "network_zone": "eu-central",
            "type": "cloud",
            "vswitch_id": null
          },
          "sensitive_attributes": [],
          "private": "bnVsbA==",
          "dependencies": [
            "hcloud_network.network"
          ]
        }
      ]
    },
    {
      "mode": "managed",
      "type": "hcloud_server",
      "name": "node",
      "provider": "provider[\"registry.terraform.io/hetznercloud/hcloud\"]",
      "instances": [
        {
          "index_key": 0,
          "schema_version": 0,
          "attributes": {
            "allow_deprecated_images": false,
            "backup_window": "",
            "backups": false,
            "datacenter": "fsn1-dc14",
            "delete_protection": false,
            "firewall_ids": [],
            "id": "33649537",
            "ignore_remote_firewall_ids": false,
            "image": "debian-12",
            "ipv4_address": "\u003cnil\u003e",
            "ipv6_address": "2a01:4f8:c012:f367::1",
            "ipv6_network": "2a01:4f8:c012:f367::/64",
            "iso": null,
            "keep_disk": false,
            "labels": {},
            "location": "fsn1",
            "name": "muffin-0",
            "network": [
              {
                "alias_ips": [],
                "ip": "10.0.0.3",
                "mac_address": "86:00:00:4b:f6:d2",
                "network_id": 2999877
              }
            ],
            "placement_group_id": null,
            "public_net": [
              {
                "ipv4": 0,
                "ipv4_enabled": false,
                "ipv6": 0,
                "ipv6_enabled": true
              }
            ],
            "rebuild_protection": false,
            "rescue": null,
            "server_type": "cax11",
            "ssh_keys": [
              "muffin"
            ],
            "status": "running",
            "timeouts": null,
            "user_data": null
          },
          "sensitive_attributes": [],
          "private": "eyJlMmJmYjczMC1lY2FhLTExZTYtOGY4OC0zNDM2M2JjN2M0YzAiOnsiY3JlYXRlIjo1NDAwMDAwMDAwMDAwfX0=",
          "dependencies": [
            "hcloud_network.network",
            "hcloud_network_subnet.subnet",
            "hcloud_ssh_key.key"
          ]
        },
        {
          "index_key": 1,
          "schema_version": 0,
          "attributes": {
            "allow_deprecated_images": false,
            "backup_window": "",
            "backups": false,
            "datacenter": "fsn1-dc14",
            "delete_protection": false,
            "firewall_ids": [],
            "id": "33649536",
            "ignore_remote_firewall_ids": false,
            "image": "debian-12",
            "ipv4_address": "\u003cnil\u003e",
            "ipv6_address": "2a01:4f8:c17:192b::1",
            "ipv6_network": "2a01:4f8:c17:192b::/64",
            "iso": null,
            "keep_disk": false,
            "labels": {},
            "location": "fsn1",
            "name": "muffin-1",
            "network": [
              {
                "alias_ips": [],
                "ip": "10.0.0.4",
                "mac_address": "86:00:00:4b:f6:d6",
                "network_id": 2999877
              }
            ],
            "placement_group_id": null,
            "public_net": [
              {
                "ipv4": 0,
                "ipv4_enabled": false,
                "ipv6": 0,
                "ipv6_enabled": true
              }
            ],
            "rebuild_protection": false,
            "rescue": null,
            "server_type": "cax11",
            "ssh_keys": [
              "muffin"
            ],
            "status": "running",
            "timeouts": null,
            "user_data": null
          },
          "sensitive_attributes": [],
          "private": "eyJlMmJmYjczMC1lY2FhLTExZTYtOGY4OC0zNDM2M2JjN2M0YzAiOnsiY3JlYXRlIjo1NDAwMDAwMDAwMDAwfX0=",
          "dependencies": [
            "hcloud_network.network",
            "hcloud_network_subnet.subnet",
            "hcloud_ssh_key.key"
          ]
        },
        {
          "index_key": 2,
          "schema_version": 0,
          "attributes": {
            "allow_deprecated_images": false,
            "backup_window": "",
            "backups": false,
            "datacenter": "fsn1-dc14",
            "delete_protection": false,
            "firewall_ids": [],
            "id": "33649676",
            "ignore_remote_firewall_ids": false,
            "image": "debian-12",
            "ipv4_address": "\u003cnil\u003e",
            "ipv6_address": "2a01:4f8:c010:803b::1",
            "ipv6_network": "2a01:4f8:c010:803b::/64",
            "iso": null,
            "keep_disk": false,
            "labels": null,
            "location": "fsn1",
            "name": "muffin-2",
            "network": [
              {
                "alias_ips": [],
                "ip": "10.0.0.5",
                "mac_address": "86:00:00:4b:f6:e4",
                "network_id": 2999877
              }
            ],
            "placement_group_id": null,
            "public_net": [
              {
                "ipv4": 0,
                "ipv4_enabled": false,
                "ipv6": 0,
                "ipv6_enabled": true
              }
            ],
            "rebuild_protection": false,
            "rescue": null,
            "server_type": "cax11",
            "ssh_keys": [
              "muffin"
            ],
            "status": "running",
            "timeouts": null,
            "user_data": null
          },
          "sensitive_attributes": [],
          "private": "eyJlMmJmYjczMC1lY2FhLTExZTYtOGY4OC0zNDM2M2JjN2M0YzAiOnsiY3JlYXRlIjo1NDAwMDAwMDAwMDAwfX0=",
          "dependencies": [
            "hcloud_network_subnet.subnet",
            "hcloud_ssh_key.key"
          ]
        }
      ]
    },
    {
      "mode": "managed",
      "type": "hcloud_ssh_key",
      "name": "key",
      "provider": "provider[\"registry.terraform.io/hetznercloud/hcloud\"]",
      "instances": [
        {
          "index_key": 0,
          "schema_version": 0,
          "attributes": {
            "fingerprint": "f8:4c:a2:be:d6:ed:bd:ca:ae:d6:5b:54:da:dc:53:d6",
            "id": "11647907",
            "labels": {},
            "name": "muffin",
            "public_key": "ssh-ed25519 AAAAC3NzaC1lZDI1NTE5AAAAIEajn0QbV2hw6yr8wuauKJlzqcRfCFx7TcVpH5UdlddA beermann@osism.tech\n"
          },
          "sensitive_attributes": [],
          "private": "bnVsbA=="
        }
      ]
    }
  ],
  "check_results": null
}
