{
  "version": 4,
  "terraform_version": "1.4.6",
  "serial": 136,
  "lineage": "4faf57df-fd07-a1f0-962c-62e05b1d3f09",
  "outputs": {
    "ipv6_addresses": {
      "value": [
        "2a01:4f8:c17:948f::1",
        "2a01:4f8:c012:2e2b::1"
      ],
      "type": [
        "tuple",
        [
          "string",
          "string"
        ]
      ]
    }
  },
  "resources": [
    {
      "mode": "managed",
      "type": "hcloud_server",
      "name": "node",
      "provider": "provider[\"registry.terraform.io/hetznercloud/hcloud\"]",
      "instances": [
        {
          "index_key": 0,
          "schema_version": 0,
          "attributes": {
            "allow_deprecated_images": false,
            "backup_window": "",
            "backups": false,
            "datacenter": "fsn1-dc14",
            "delete_protection": false,
            "firewall_ids": [],
            "id": "33435221",
            "ignore_remote_firewall_ids": false,
            "image": "ubuntu-22.04",
            "ipv4_address": "\u003cnil\u003e",
            "ipv6_address": "2a01:4f8:c17:948f::1",
            "ipv6_network": "2a01:4f8:c17:948f::/64",
            "iso": null,
            "keep_disk": false,
            "labels": null,
            "location": "fsn1",
            "name": "multicloud-0",
            "network": [],
            "placement_group_id": null,
            "public_net": [
              {
                "ipv4": 0,
                "ipv4_enabled": false,
                "ipv6": 0,
                "ipv6_enabled": true
              }
            ],
            "rebuild_protection": false,
            "rescue": null,
            "server_type": "cax11",
            "ssh_keys": [
              "multicloud"
            ],
            "status": "running",
            "timeouts": null,
            "user_data": null
          },
          "sensitive_attributes": [],
          "private": "eyJlMmJmYjczMC1lY2FhLTExZTYtOGY4OC0zNDM2M2JjN2M0YzAiOnsiY3JlYXRlIjo1NDAwMDAwMDAwMDAwfX0=",
          "dependencies": [
            "hcloud_ssh_key.key"
          ]
        },
        {
          "index_key": 1,
          "schema_version": 0,
          "attributes": {
            "allow_deprecated_images": false,
            "backup_window": "",
            "backups": false,
            "datacenter": "fsn1-dc14",
            "delete_protection": false,
            "firewall_ids": [],
            "id": "33435219",
            "ignore_remote_firewall_ids": false,
            "image": "ubuntu-22.04",
            "ipv4_address": "\u003cnil\u003e",
            "ipv6_address": "2a01:4f8:c012:2e2b::1",
            "ipv6_network": "2a01:4f8:c012:2e2b::/64",
            "iso": null,
            "keep_disk": false,
            "labels": null,
            "location": "fsn1",
            "name": "multicloud-1",
            "network": [],
            "placement_group_id": null,
            "public_net": [
              {
                "ipv4": 0,
                "ipv4_enabled": false,
                "ipv6": 0,
                "ipv6_enabled": true
              }
            ],
            "rebuild_protection": false,
            "rescue": null,
            "server_type": "cax11",
            "ssh_keys": [
              "multicloud"
            ],
            "status": "running",
            "timeouts": null,
            "user_data": null
          },
          "sensitive_attributes": [],
          "private": "eyJlMmJmYjczMC1lY2FhLTExZTYtOGY4OC0zNDM2M2JjN2M0YzAiOnsiY3JlYXRlIjo1NDAwMDAwMDAwMDAwfX0=",
          "dependencies": [
            "hcloud_ssh_key.key"
          ]
        }
      ]
    },
    {
      "mode": "managed",
      "type": "hcloud_ssh_key",
      "name": "key",
      "provider": "provider[\"registry.terraform.io/hetznercloud/hcloud\"]",
      "instances": [
        {
          "schema_version": 0,
          "attributes": {
            "fingerprint": "f8:4c:a2:be:d6:ed:bd:ca:ae:d6:5b:54:da:dc:53:d6",
            "id": "11495811",
            "labels": null,
            "name": "multicloud",
            "public_key": "ssh-ed25519 AAAAC3NzaC1lZDI1NTE5AAAAIEajn0QbV2hw6yr8wuauKJlzqcRfCFx7TcVpH5UdlddA beermann@osism.tech\n"
          },
          "sensitive_attributes": [],
          "private": "bnVsbA=="
        }
      ]
    },
    {
      "mode": "managed",
      "type": "local_file",
      "name": "ansible_inventory",
      "provider": "provider[\"registry.terraform.io/hashicorp/local\"]",
      "instances": [
        {
          "schema_version": 0,
          "attributes": {
            "content": "2a01:4f8:c17:948f::1 wireguard_ip=10.100.100.0\n2a01:4f8:c012:2e2b::1 wireguard_ip=10.100.100.1\n",
            "content_base64": null,
            "content_base64sha256": "zVkzKoIln4HxO2d19dNCo8o9V/k0wWUZnWWVv9w6lmI=",
            "content_base64sha512": "3rb9r78Id4rWN8yGR58MJuqLnxNkif5yTUMQFoNx1lBqubhYseDHT1qYDpzqzIIWuh7EmR3tI+xTcdNTwuK11A==",
            "content_md5": "7a6fb6524118158a095222c0144341b7",
            "content_sha1": "5677d036e6825814e0b3c6e9ecbc9bc8a072f9fb",
            "content_sha256": "cd59332a82259f81f13b6775f5d342a3ca3d57f934c165199d6595bfdc3a9662",
            "content_sha512": "deb6fdafbf08778ad637cc86479f0c26ea8b9f136489fe724d4310168371d6506ab9b858b1e0c74f5a980e9ceacc8216ba1ec4991ded23ec5371d353c2e2b5d4",
            "directory_permission": "0777",
            "file_permission": "0777",
            "filename": "../inventory.ini",
            "id": "5677d036e6825814e0b3c6e9ecbc9bc8a072f9fb",
            "sensitive_content": null,
            "source": null
          },
          "sensitive_attributes": [],
          "dependencies": [
            "hcloud_server.node",
            "hcloud_ssh_key.key"
          ]
        }
      ]
    }
  ],
  "check_results": null
}
